<?xml version="1.0" encoding="utf-8"?>
<Project ToolsVersion="4.0" xmlns="http://schemas.microsoft.com/developer/msbuild/2003">
  <ItemGroup>
    <ClCompile Include="Components\Collision_Components\CircleCollisionCP.cpp" />
    <ClCompile Include="Components\Collision_Components\RectCollisionCP.cpp" />
    <ClCompile Include="Components\Graphics_Components\AnimatedGraphicsCP.cpp" />
    <ClCompile Include="Components\Graphics_Components\StandardGraphicsCP.cpp" />
    <ClCompile Include="Components\Graphics_Components\GraphicsCP.cpp" />
    <ClCompile Include="Components\Graphics_Components\RenderCP.cpp" />
    <ClCompile Include="Components\Input_Components\InputCP.cpp" />
    <ClCompile Include="Components\Input_Components\MovementInputArrowsCP.cpp" />
    <ClCompile Include="Components\Input_Components\MovementInputWASDCP.cpp" />
    <ClCompile Include="Components\Transformation_Components\TransformationCP.cpp" />
    <ClCompile Include="DebugDraw.cpp" />
    <ClCompile Include="Game.cpp" />
    <ClCompile Include="GameObjects\GameObject.cpp" />
    <ClCompile Include="GameStates\ExitState.cpp" />
    <ClCompile Include="GameStates\GameplayState.cpp" />
    <ClCompile Include="GameStates\MenuState.cpp" />
    <ClCompile Include="Manager\AssetManager.cpp" />
    <ClCompile Include="Manager\GameStateManager.cpp" />
    <ClCompile Include="Manager\InputManager.cpp" />
    <ClCompile Include="Slloth-Soft_Main.cpp" />
    <ClCompile Include="stdafx.cpp" />
    <ClCompile Include="Utils.cpp" />
  </ItemGroup>
  <ItemGroup>
    <ClInclude Include="Components\Collision_Components\CircleCollisionCP.h" />
    <ClInclude Include="Components\Collision_Components\RectCollisionCP.h" />
    <ClInclude Include="Components\Component.h" />
    <ClInclude Include="Components\Graphics_Components\AnimatedGraphicsCP.h" />
    <ClInclude Include="Components\Graphics_Components\GraphicsComponent.h" />
    <ClInclude Include="Components\Graphics_Components\GraphicsCP.h" />
    <ClInclude Include="Components\Graphics_Components\RenderCP.h" />
    <ClInclude Include="Components\Graphics_Components\StandardGraphicsCP.h" />
    <ClInclude Include="Components\Input_Components\InputCP.h" />
    <ClInclude Include="Components\Input_Components\MovementInputArrowsCP.h" />
    <ClInclude Include="Components\Input_Components\MovementInputWASDCP.h" />
    <ClInclude Include="Components\Transformation_Components\TransformationCP.h" />
    <ClInclude Include="Enums\Animationtype.h" />
    <ClInclude Include="tileson.hpp" />
    <ClInclude Include="Components\ColliderComponent.h" />
    <ClInclude Include="Components\Components.h" />
    <ClInclude Include="Components\GraphicsComponent.h" />
    <ClInclude Include="Components\RectColliderComponent.h" />
    <ClInclude Include="Components\TransformComponent.h" />
    <ClInclude Include="DebugDraw.h" />
    <ClInclude Include="Enums\GameState.h" />
    <ClInclude Include="Game.h" />
    <ClInclude Include="GameObjects\GameObject.h" />
    <ClInclude Include="GameObjects\Player.h" />
    <ClInclude Include="GameStates\ExitState.h" />
    <ClInclude Include="GameStates\GameplayState.h" />
    <ClInclude Include="GameStates\GameState.h" />
    <ClInclude Include="GameStates\MenuState.h" />
    <ClInclude Include="Manager\AssetManager.h" />
    <ClInclude Include="Manager\GameStateManager.h" />
    <ClInclude Include="Manager\InputManager.h" />
    <ClInclude Include="Manager\tileson.hpp" />
    <ClInclude Include="stdafx.h" />
  </ItemGroup>
  <ItemGroup>
    <Media Include="Assets\Sounds\completeSound.wav" />
  </ItemGroup>
  <ItemGroup>
    <Image Include="Assets\Textures\crystal.png" />
    <Image Include="Assets\Textures\LavaTile.png" />
    <Image Include="Assets\Textures\playerSpriteSheet.png" />
    <Image Include="Assets\Textures\projectile.png" />
    <Image Include="Assets\Textures\skull.png" />
  </ItemGroup>
  <ItemGroup>
    <None Include="Assets\Music\musicTrack.ogg" />
  </ItemGroup>
</Project>